
Microsoft Visual Studio Solution File, Format Version 12.00
Project("{FAE04EC0-301F-11D3-BF4B-00C04F79EFBC}") = "TaskManagerPro", "TaskManagerPro.csproj", "{A72E140F-4548-4432-8A09-2F1788ED3446}"
EndProject
Project("{FAE04EC0-301F-11D3-BF4B-00C04F79EFBC}") = "TaskMasterPro.Application.Tests", "test\TaskMasterPro.Application.Tests\TaskMasterPro.Application.Tests.csproj", "{701C00ED-5AA7-4682-A3B9-93E1A23B6773}"
EndProject
Global
	GlobalSection(SolutionConfigurationPlatforms) = preSolution
		Debug|Any CPU = Debug|Any CPU
		Release|Any CPU = Release|Any CPU
	EndGlobalSection
	GlobalSection(ProjectConfigurationPlatforms) = postSolution
		{A72E140F-4548-4432-8A09-2F1788ED3446}.Debug|Any CPU.ActiveCfg = Debug|Any CPU
		{A72E140F-4548-4432-8A09-2F1788ED3446}.Debug|Any CPU.Build.0 = Debug|Any CPU
		{A72E140F-4548-4432-8A09-2F1788ED3446}.Release|Any CPU.ActiveCfg = Release|Any CPU
		{A72E140F-4548-4432-8A09-2F1788ED3446}.Release|Any CPU.Build.0 = Release|Any CPU
		{701C00ED-5AA7-4682-A3B9-93E1A23B6773}.Debug|Any CPU.ActiveCfg = Debug|Any CPU
		{701C00ED-5AA7-4682-A3B9-93E1A23B6773}.Debug|Any CPU.Build.0 = Debug|Any CPU
		{701C00ED-5AA7-4682-A3B9-93E1A23B6773}.Release|Any CPU.ActiveCfg = Release|Any CPU
		{701C00ED-5AA7-4682-A3B9-93E1A23B6773}.Release|Any CPU.Build.0 = Release|Any CPU
	EndGlobalSection
EndGlobal
